{
  "version": 1,
  "dependencies": {
    "net10.0": {
      "Microsoft.Extensions.Hosting": {
        "type": "Direct",
        "requested": "[10.0.2, )",
        "resolved": "10.0.2",
        "contentHash": "qUU5XAayGD0wySbu9ntSLCjM3gudmDLzuWVBbnMKlIbdgqhr0dC1bfULpFnPCVSQsU5TaSblU1qShFyTRwSjrQ==",
        "dependencies": {
          "Microsoft.Extensions.Configuration": "10.0.2",
          "Microsoft.Extensions.Configuration.Abstractions": "10.0.2",
          "Microsoft.Extensions.Configuration.Binder": "10.0.2",
          "Microsoft.Extensions.Configuration.CommandLine": "10.0.2",
          "Microsoft.Extensions.Configuration.EnvironmentVariables": "10.0.2",
          "Microsoft.Extensions.Configuration.FileExtensions": "10.0.2",
          "Microsoft.Extensions.Configuration.Json": "10.0.2",
          "Microsoft.Extensions.Configuration.UserSecrets": "10.0.2",
          "Microsoft.Extensions.DependencyInjection": "10.0.2",
          "Microsoft.Extensions.DependencyInjection.Abstractions": "10.0.2",
          "Microsoft.Extensions.Diagnostics": "10.0.2",
          "Microsoft.Extensions.FileProviders.Abstractions": "10.0.2",
          "Microsoft.Extensions.FileProviders.Physical": "10.0.2",
          "Microsoft.Extensions.Hosting.Abstractions": "10.0.2",
          "Microsoft.Extensions.Logging": "10.0.2",
          "Microsoft.Extensions.Logging.Abstractions": "10.0.2",
          "Microsoft.Extensions.Logging.Configuration": "10.0.2",
          "Microsoft.Extensions.Logging.Console": "10.0.2",
          "Microsoft.Extensions.Logging.Debug": "10.0.2",
          "Microsoft.Extensions.Logging.EventLog": "10.0.2",
          "Microsoft.Extensions.Logging.EventSource": "10.0.2",
          "Microsoft.Extensions.Options": "10.0.2"
        }
      },
      "OpenTelemetry.Exporter.Prometheus.HttpListener": {
        "type": "Direct",
        "requested": "[1.18.0-beta.1, )",
        "resolved": "1.18.0-beta.1",
        "contentHash": "nHlyoeHFWY4SLfnkUEAe93CRTGMkh0jsc1mgM1nqbid8uuhsIAJJb1YSE9KX60jPONPFf7dR50hSFdaTZJVrXQ==",
        "dependencies": {
          "Microsoft.Extensions.Configuration.EnvironmentVariables": "10.0.0",
          "OpenTelemetry": "[1.18.0, 2.0.0)"
        }
      },
      "Confluent.Kafka": {
        "type": "Transitive",
        "resolved": "2.15.1",
        "contentHash": "II/gcWsptqKp3UJ4f7zFug7S4xfND1IdYsrNlIJSRRG8WHmP/NfSXiiLWhKGzTUlZwfkL1mcdU71eo1eKf04pA==",
        "dependencies": {
          "librdkafka.redist": "2.15.1"
        }
      },
      "librdkafka.redist": {
        "type": "Transitive",
        "resolved": "2.15.1",
        "contentHash": "fhRs/2fY80isR9zqrCkDdEhrp5Vi4Lxetg6yjhBl2uNiQs9Z2StA/Q8WqkJmj5OqmG8BQaP6OXvzbGngqXid+w=="
      },
      "Microsoft.EntityFrameworkCore": {
        "type": "Transitive",
        "resolved": "10.0.4",
        "contentHash": "kzTsfFK2GCytp6DDTfQOmxPU4gbGdrIlP7PxrxF3ESNLtfXrC8BoUVZENBN2WORlZPAD7CVX6AYIglgkpXQooA==",
        "dependencies": {
          "Microsoft.EntityFrameworkCore.Abstractions": "10.0.4",
          "Microsoft.EntityFrameworkCore.Analyzers": "10.0.4",
          "Microsoft.Extensions.Caching.Memory": "10.0.4",
          "Microsoft.Extensions.Logging": "10.0.4"
        }
      },
      "Microsoft.EntityFrameworkCore.Abstractions": {
        "type": "Transitive",
        "resolved": "10.0.4",
        "contentHash": "qDcJqCfN1XYyX0ID/Hd9/kQTRvlia8S+Yuwyl9uFhBIKnOCbl9WMdGQCzbZUKbkpkfvf3P9CDdXsnxHyE3O0Aw=="
      },
      "Microsoft.EntityFrameworkCore.Analyzers": {
        "type": "Transitive",
        "resolved": "10.0.4",
        "contentHash": "pQeMHCyD3yTtCEGnHV4VsgKUvrESo3MR5mnh8sgQ1hWYmI1YFsUutDowBIxkobeWRtaRmBqQAtF7XQFW6FWuNA=="
      },
      "Microsoft.EntityFrameworkCore.Relational": {
        "type": "Transitive",
        "resolved": "10.0.4",
        "contentHash": "DOTjTHy93W3TwpMLM4SCm0n57Sc0Jj3+m2S6LSTstKyBB34eT1UouaMS19mpWwvtj42+sRiEjA3+rOTNoNzXFQ==",
        "dependencies": {
          "Microsoft.EntityFrameworkCore": "10.0.4",
          "Microsoft.Extensions.Caching.Memory": "10.0.4",
          "Microsoft.Extensions.Configuration.Abstractions": "10.0.4",
          "Microsoft.Extensions.Logging": "10.0.4"
        }
      },
      "Microsoft.Extensions.Caching.Abstractions": {
        "type": "Transitive",
        "resolved": "10.0.4",
        "contentHash": "uDRooaV6N3WZ0kdlNPMB68/MdGn/in1Fs7Db7DnIm85RBTPy4P321WO+daAImiYpH5dekjNggDqy1N44WaIlMA==",
        "dependencies": {
          "Microsoft.Extensions.Primitives": "10.0.4"
        }
      },
      "Microsoft.Extensions.Caching.Memory": {
        "type": "Transitive",
        "resolved": "10.0.4",
        "contentHash": "CLLussNUMdSbyJOu4VBF7sqskHGB/5N1EcFzrqG/HsPATN8fCRUcfp0qns1VwkxKHwxrtYCh5FKe+kM81Q1PHA==",
        "dependencies": {
          "Microsoft.Extensions.Caching.Abstractions": "10.0.4",
          "Microsoft.Extensions.DependencyInjection.Abstractions": "10.0.4",
          "Microsoft.Extensions.Logging.Abstractions": "10.0.4",
          "Microsoft.Extensions.Options": "10.0.4",
          "Microsoft.Extensions.Primitives": "10.0.4"
        }
      },
      "Microsoft.Extensions.Configuration": {
        "type": "Transitive",
        "resolved": "10.0.2",
        "contentHash": "Lws+o4DFw6p5NquRoYA3d5QVvi49ugNw7TxbW4QGLsL8F1LCCyJqWFy0+RMQ/hzUuS9aKV5NJ/XGAF5N9/RQcQ==",
        "dependencies": {
          "Microsoft.Extensions.Configuration.Abstractions": "10.0.2",
          "Microsoft.Extensions.Primitives": "10.0.2"
        }
      },
      "Microsoft.Extensions.Configuration.Abstractions": {
        "type": "Transitive",
        "resolved": "10.0.4",
        "contentHash": "3x9X9SMAMdAoEwWxHfsT2a9dTBqEtfYfbEOFw+UPtBshEH2gHWJeazxrZ1FK1O18MoCbe1NxINg5qciB01pEcg==",
        "dependencies": {
          "Microsoft.Extensions.Primitives": "10.0.4"
        }
      },
      "Microsoft.Extensions.Configuration.Binder": {
        "type": "Transitive",
        "resolved": "10.0.2",
        "contentHash": "/SdW50prUuenglSy7MXU3eVQkOk4/J4fjc+GIhv4NkTmaZOQyTqpVAYi8nRjNtOKHzCy7g5cSlOSgkbT7clLwQ==",
        "dependencies": {
          "Microsoft.Extensions.Configuration": "10.0.2",
          "Microsoft.Extensions.Configuration.Abstractions": "10.0.2"
        }
      },
      "Microsoft.Extensions.Configuration.CommandLine": {
        "type": "Transitive",
        "resolved": "10.0.2",
        "contentHash": "KhqLwsao0b40VNgWPdg/UdaW4mxHhrthTngL0G8wSb2YkNSGTrs2RrBzkouiw1eTeQfhYcy0tpGy5ETCO+xjfg==",
        "dependencies": {
          "Microsoft.Extensions.Configuration": "10.0.2",
          "Microsoft.Extensions.Configuration.Abstractions": "10.0.2"
        }
      },
      "Microsoft.Extensions.Configuration.EnvironmentVariables": {
        "type": "Transitive",
        "resolved": "10.0.2",
        "contentHash": "Y+wv67KiW7q0+PxAg3osjohrddgxl/7mMriRZPBcYUgOzOq/O2rTvAXbuy1vINIarT2YmENfePaDcu2KgvIDXw==",
        "dependencies": {
          "Microsoft.Extensions.Configuration": "10.0.2",
          "Microsoft.Extensions.Configuration.Abstractions": "10.0.2"
        }
      },
      "Microsoft.Extensions.Configuration.FileExtensions": {
        "type": "Transitive",
        "resolved": "10.0.2",
        "contentHash": "6vStNVa/7hcT6VrYvVMGCWUl/QIKwNeQaSGnKw1E4RPpZbQbOjDsATCbrQUa0sFUs7LW8T9aZ2NBKttMz1+WuA==",
        "dependencies": {
          "Microsoft.Extensions.Configuration": "10.0.2",
          "Microsoft.Extensions.Configuration.Abstractions": "10.0.2",
          "Microsoft.Extensions.FileProviders.Abstractions": "10.0.2",
          "Microsoft.Extensions.FileProviders.Physical": "10.0.2",
          "Microsoft.Extensions.Primitives": "10.0.2"
        }
      },
      "Microsoft.Extensions.Configuration.Json": {
        "type": "Transitive",
        "resolved": "10.0.2",
        "contentHash": "ovjOVr+rNxOT249iezwihlPNMaIJdBC6PMGeMnzhkm5EoKJWFjp3mmvtndfHY6A88X4wulXlidMhmjX8v6V/aw==",
        "dependencies": {
          "Microsoft.Extensions.Configuration": "10.0.2",
          "Microsoft.Extensions.Configuration.Abstractions": "10.0.2",
          "Microsoft.Extensions.Configuration.FileExtensions": "10.0.2",
          "Microsoft.Extensions.FileProviders.Abstractions": "10.0.2"
        }
      },
      "Microsoft.Extensions.Configuration.UserSecrets": {
        "type": "Transitive",
        "resolved": "10.0.2",
        "contentHash": "4Doiw8ILZz60D3WuoKRPoUjcNO6a5tP+D1T3L4SdVm/AC8VcyEYgUVbpzu+XPCzstM2oPefLvOGXMde8C8UAKg==",
        "dependencies": {
          "Microsoft.Extensions.Configuration.Abstractions": "10.0.2",
          "Microsoft.Extensions.Configuration.Json": "10.0.2",
          "Microsoft.Extensions.FileProviders.Abstractions": "10.0.2",
          "Microsoft.Extensions.FileProviders.Physical": "10.0.2"
        }
      },
      "Microsoft.Extensions.DependencyInjection": {
        "type": "Transitive",
        "resolved": "10.0.4",
        "contentHash": "NkvJ8aSr3AG30yabjv7ZWwTG/wq5OElNTlNq39Ok2HSEF3TIwAc1f1xnTJlR/GuoJmEgkfT7WBO9YbSXRk41+g==",
        "dependencies": {
          "Microsoft.Extensions.DependencyInjection.Abstractions": "10.0.4"
        }
      },
      "Microsoft.Extensions.DependencyInjection.Abstractions": {
        "type": "Transitive",
        "resolved": "10.0.4",
        "contentHash": "SIe9zlVQJecnk/DTmevIcl6+aEDYhoVLc2eG2AKwVeNEC8CSyxHAbh4lf0xtHq9JUum0vVTEByGNTK+b6oihTQ=="
      },
      "Microsoft.Extensions.Diagnostics": {
        "type": "Transitive",
        "resolved": "10.0.2",
        "contentHash": "+2lv/hi6VGnaJt4877BFkkySiMiHrKCeX7K5ElIshIKpF65o63zeXMnUR4U6EQ/eM75Hx7T8s3RcqnjdcnVB1A==",
        "dependencies": {
          "Microsoft.Extensions.Configuration": "10.0.2",
          "Microsoft.Extensions.Diagnostics.Abstractions": "10.0.2",
          "Microsoft.Extensions.Options.ConfigurationExtensions": "10.0.2"
        }
      },
      "Microsoft.Extensions.Diagnostics.Abstractions": {
        "type": "Transitive",
        "resolved": "10.0.2",
        "contentHash": "GaiaeKUuLuUbRPkUokndDuzonhO6dk4lcfGflHsCeXiJ5JrZxcyks1KuG6eB9pON16x/+9uWfa4w9g3oP8AYvQ==",
        "dependencies": {
          "Microsoft.Extensions.DependencyInjection.Abstractions": "10.0.2",
          "Microsoft.Extensions.Options": "10.0.2"
        }
      },
      "Microsoft.Extensions.Diagnostics.HealthChecks": {
        "type": "Transitive",
        "resolved": "10.0.2",
        "contentHash": "PRqTKCjP5RVko1DdD5SJHaakVO5mljJUTIwQtDusIWlokvFFigxKOejc+vvcp+jJQgzkNJClXbgYhJCpncW60w==",
        "dependencies": {
          "Microsoft.Extensions.Diagnostics.HealthChecks.Abstractions": "10.0.2",
          "Microsoft.Extensions.Hosting.Abstractions": "10.0.2",
          "Microsoft.Extensions.Logging.Abstractions": "10.0.2",
          "Microsoft.Extensions.Options": "10.0.2"
        }
      },
      "Microsoft.Extensions.Diagnostics.HealthChecks.Abstractions": {
        "type": "Transitive",
        "resolved": "10.0.2",
        "contentHash": "XSVLL4AEAwY20+nSkZqBGlO7ukJVAFbqh73VIoEbYlElTSOWGMLVXwYYdzz6kJgn8EJgGk5xH4l3eYlQlNRy9Q=="
      },
      "Microsoft.Extensions.FileProviders.Abstractions": {
        "type": "Transitive",
        "resolved": "10.0.2",
        "contentHash": "+r/eJ+slW/EmwWmH3En4gzRg1k6+yTqexoHBrMuz5fxsIKJA8MDiSGepjw/ko3XyNqg+w3dxQe+huoVXs5XDJw==",
        "dependencies": {
          "Microsoft.Extensions.Primitives": "10.0.2"
        }
      },
      "Microsoft.Extensions.FileProviders.Physical": {
        "type": "Transitive",
        "resolved": "10.0.2",
        "contentHash": "4+ypApaugtHIz5Q2Z3oC4+erDbOgy0HrMFYS3Nm3qmTXyqK7sU7LJWY9gci99Wcx6j7ivgk8kdCkgmvsA4t0Ow==",
        "dependencies": {
          "Microsoft.Extensions.FileProviders.Abstractions": "10.0.2",
          "Microsoft.Extensions.FileSystemGlobbing": "10.0.2",
          "Microsoft.Extensions.Primitives": "10.0.2"
        }
      },
      "Microsoft.Extensions.FileSystemGlobbing": {
        "type": "Transitive",
        "resolved": "10.0.2",
        "contentHash": "XozoMaWcFIv1tv0LDF+YMeZYjiNiNIewpNdZ3TEoVGf8ROrp0hVoEdUyUBsI8oYGM5U3Z5hiNEv0j2Z5COnMgg=="
      },
      "Microsoft.Extensions.Hosting.Abstractions": {
        "type": "Transitive",
        "resolved": "10.0.2",
        "contentHash": "CeAAPVOtI/wtBcHOwq6Pw3VPdGi+pNaGHZj6vfXX/5zr8beO9SyL7IOCSQ70BauFTAFS0QF7f6zu2A6hC8D6nw==",
        "dependencies": {
          "Microsoft.Extensions.Configuration.Abstractions": "10.0.2",
          "Microsoft.Extensions.DependencyInjection.Abstractions": "10.0.2",
          "Microsoft.Extensions.Diagnostics.Abstractions": "10.0.2",
          "Microsoft.Extensions.FileProviders.Abstractions": "10.0.2",
          "Microsoft.Extensions.Logging.Abstractions": "10.0.2"
        }
      },
      "Microsoft.Extensions.Http": {
        "type": "Transitive",
        "resolved": "10.0.2",
        "contentHash": "egUPC0xydb1ugCMcRyJ6zaOGOzx7N4coOVlGeLcIsXhUf1xHHwZeX+ob7JuG0dXExFduHYE/t+4/4y8BLlBKmw==",
        "dependencies": {
          "Microsoft.Extensions.Configuration.Abstractions": "10.0.2",
          "Microsoft.Extensions.DependencyInjection.Abstractions": "10.0.2",
          "Microsoft.Extensions.Diagnostics": "10.0.2",
          "Microsoft.Extensions.Logging": "10.0.2",
          "Microsoft.Extensions.Logging.Abstractions": "10.0.2",
          "Microsoft.Extensions.Options": "10.0.2"
        }
      },
      "Microsoft.Extensions.Logging": {
        "type": "Transitive",
        "resolved": "10.0.4",
        "contentHash": "S8+6fCuMOhJZGk8sGFtOy3VsF9mk9x4UOL59GM91REiA/fmCDjunKKIw4RmStG87qyXPfxelDJf2pXIbTuaBdw==",
        "dependencies": {
          "Microsoft.Extensions.DependencyInjection": "10.0.4",
          "Microsoft.Extensions.Logging.Abstractions": "10.0.4",
          "Microsoft.Extensions.Options": "10.0.4"
        }
      },
      "Microsoft.Extensions.Logging.Abstractions": {
        "type": "Transitive",
        "resolved": "10.0.4",
        "contentHash": "PDMMt7fvBatv6hcxxyJtXIzSwn7Dy00W6I2vDAOTYrQqNM2dF5A2L9n0uMzdPz2IPoNZWkAmYjoOCEdDLq0i4w==",
        "dependencies": {
          "Microsoft.Extensions.DependencyInjection.Abstractions": "10.0.4"
        }
      },
      "Microsoft.Extensions.Logging.Configuration": {
        "type": "Transitive",
        "resolved": "10.0.2",
        "contentHash": "XVtNJfLZVTDmQS5RCUjIr7QEAgGhJ3yQ0L3PduN7rE4aijmqYl0pIF09ZSU8jgnxml91Mw59ze220g8S7anaOg==",
        "dependencies": {
          "Microsoft.Extensions.Configuration": "10.0.2",
          "Microsoft.Extensions.Configuration.Abstractions": "10.0.2",
          "Microsoft.Extensions.Configuration.Binder": "10.0.2",
          "Microsoft.Extensions.DependencyInjection.Abstractions": "10.0.2",
          "Microsoft.Extensions.Logging": "10.0.2",
          "Microsoft.Extensions.Logging.Abstractions": "10.0.2",
          "Microsoft.Extensions.Options": "10.0.2",
          "Microsoft.Extensions.Options.ConfigurationExtensions": "10.0.2"
        }
      },
      "Microsoft.Extensions.Logging.Console": {
        "type": "Transitive",
        "resolved": "10.0.2",
        "contentHash": "Z6gBfpHqJsz2hGH+eUQUQI+DSHsDNhTKt8toHAtDhYFRlxUN1FKPKzNmTgSrAz1gtDTOBjDU5lQZ50463Ehw7A==",
        "dependencies": {
          "Microsoft.Extensions.DependencyInjection.Abstractions": "10.0.2",
          "Microsoft.Extensions.Logging": "10.0.2",
          "Microsoft.Extensions.Logging.Abstractions": "10.0.2",
          "Microsoft.Extensions.Logging.Configuration": "10.0.2",
          "Microsoft.Extensions.Options": "10.0.2"
        }
      },
      "Microsoft.Extensions.Logging.Debug": {
        "type": "Transitive",
        "resolved": "10.0.2",
        "contentHash": "LohXg8Uc+cGLzPhUTgwOR9Z/lqMFpDT+NylPFwT6yXZfJAm/QE+Gv14HNir9tfposwGl5IuR+3yfLOuc6PNHVg==",
        "dependencies": {
          "Microsoft.Extensions.DependencyInjection.Abstractions": "10.0.2",
          "Microsoft.Extensions.Logging": "10.0.2",
          "Microsoft.Extensions.Logging.Abstractions": "10.0.2"
        }
      },
      "Microsoft.Extensions.Logging.EventLog": {
        "type": "Transitive",
        "resolved": "10.0.2",
        "contentHash": "gRQ3bpTZRCr2Z3Qx4RNP6G23XnJMXmRCsIgWg542B/cp/Rz8Jv3nfINVNmeOCy4aGQ65VfHtoi6Rd8RzoG5a5g==",
        "dependencies": {
          "Microsoft.Extensions.DependencyInjection.Abstractions": "10.0.2",
          "Microsoft.Extensions.Logging": "10.0.2",
          "Microsoft.Extensions.Logging.Abstractions": "10.0.2",
          "Microsoft.Extensions.Options": "10.0.2",
          "System.Diagnostics.EventLog": "10.0.2"
        }
      },
      "Microsoft.Extensions.Logging.EventSource": {
        "type": "Transitive",
        "resolved": "10.0.2",
        "contentHash": "PSn5a9GF1TmdlvsSnBsddcl1Qcrk/mfJbyXEV+RNJTV5GC/Tkm8DI344C/3LXy/YG1r+aIyjPB6/FlWoCmvEdA==",
        "dependencies": {
          "Microsoft.Extensions.DependencyInjection.Abstractions": "10.0.2",
          "Microsoft.Extensions.Logging": "10.0.2",
          "Microsoft.Extensions.Logging.Abstractions": "10.0.2",
          "Microsoft.Extensions.Options": "10.0.2",
          "Microsoft.Extensions.Primitives": "10.0.2"
        }
      },
      "Microsoft.Extensions.Options": {
        "type": "Transitive",
        "resolved": "10.0.4",
        "contentHash": "kRxa2Zjzhg/ohh7EklpqQpBIcyQnC3meWxCcpZBn+0QWy/fY1DmDd45JiW8Vyrpj2J1RDtau5yRHiLZS/AoxUw==",
        "dependencies": {
          "Microsoft.Extensions.DependencyInjection.Abstractions": "10.0.4",
          "Microsoft.Extensions.Primitives": "10.0.4"
        }
      },
      "Microsoft.Extensions.Options.ConfigurationExtensions": {
        "type": "Transitive",
        "resolved": "10.0.2",
        "contentHash": "8njGDg0OdDBM4Zox0ybuUOJZkQ8HcH49F+POZBlG+nsfzEyqOCHyHEkWeRVI62qsssiugUVEKqUttT1ZbV0aJQ==",
        "dependencies": {
          "Microsoft.Extensions.Configuration.Abstractions": "10.0.2",
          "Microsoft.Extensions.Configuration.Binder": "10.0.2",
          "Microsoft.Extensions.DependencyInjection.Abstractions": "10.0.2",
          "Microsoft.Extensions.Options": "10.0.2",
          "Microsoft.Extensions.Primitives": "10.0.2"
        }
      },
      "Microsoft.Extensions.Primitives": {
        "type": "Transitive",
        "resolved": "10.0.4",
        "contentHash": "lABYqiRH9HgYJsjzO3W7+cucUwWXhEkiyrRylANdIubnzcESlkIsLowXpQ4E+sc7kjMLbk1hk5oxw4qTKowTEg=="
      },
      "Npgsql": {
        "type": "Transitive",
        "resolved": "10.0.3",
        "contentHash": "7nb5YzXuvWWJxB0J8DiyL3we+X4FOctZrt0fIBnucOIaIevFEEwGQVZKtiu9olXdlNAK1eNgqSral6r/jlhI4w==",
        "dependencies": {
          "Microsoft.Extensions.Logging.Abstractions": "10.0.0"
        }
      },
      "Npgsql.EntityFrameworkCore.PostgreSQL": {
        "type": "Transitive",
        "resolved": "10.0.3",
        "contentHash": "IPGrrZnRkuW7OlHDhUESZz4G5DLkW7Nej/O3Cx+0iTsgyU5XJxBgpsvTHLloo3WWuAKKbDHXBvWPVkX1deRh1Q==",
        "dependencies": {
          "Microsoft.EntityFrameworkCore": "[10.0.4, 11.0.0)",
          "Microsoft.EntityFrameworkCore.Relational": "[10.0.4, 11.0.0)",
          "Npgsql": "10.0.3"
        }
      },
      "OpenTelemetry": {
        "type": "Transitive",
        "resolved": "1.18.0",
        "contentHash": "13AKxycK+olOLe061MjliPTNBR/DUkjyRr0b9zwUhKyMjFS8lXS7G31R85rkbM55up2YFmdykWdAw2giBDJpiQ==",
        "dependencies": {
          "Microsoft.Extensions.Configuration.EnvironmentVariables": "10.0.0",
          "Microsoft.Extensions.Diagnostics.Abstractions": "10.0.0",
          "Microsoft.Extensions.Logging.Configuration": "10.0.0",
          "OpenTelemetry.Api.ProviderBuilderExtensions": "1.18.0"
        }
      },
      "OpenTelemetry.Api": {
        "type": "Transitive",
        "resolved": "1.18.0",
        "contentHash": "Dhzm5oughIY9EWckt2J1yXcEbXpki5WCL2q7prJoYxzH6C7jdkfGtPMTkUVZZ4AhjJKzQnlC+kLSIlmIVwC4Vw=="
      },
      "OpenTelemetry.Api.ProviderBuilderExtensions": {
        "type": "Transitive",
        "resolved": "1.18.0",
        "contentHash": "io6A6PJFp3vIObRGf6oPjdHsdglkinXt/0SpTDJHrVnsLxUtOzwh/QwTsnhBJ43wJ6QcGMkyNzsSSY8XEB1Q5Q==",
        "dependencies": {
          "Microsoft.Extensions.DependencyInjection.Abstractions": "10.0.0",
          "OpenTelemetry.Api": "1.18.0"
        }
      },
      "OpenTelemetry.Extensions.Hosting": {
        "type": "Transitive",
        "resolved": "1.18.0",
        "contentHash": "u+JMA82H65MKwMvd2qUpL8C2qE4Jux2nvX9hmy036UK/Apv2YyIRYCttF/vlX6nMPcAKI8BXkscmL4QG3C69fw==",
        "dependencies": {
          "Microsoft.Extensions.Hosting.Abstractions": "10.0.0",
          "OpenTelemetry": "1.18.0"
        }
      },
      "Pipelines.Sockets.Unofficial": {
        "type": "Transitive",
        "resolved": "2.2.8",
        "contentHash": "zG2FApP5zxSx6OcdJQLbZDk2AVlN2BNQD6MorwIfV6gVj0RRxWPEp2LXAxqDGZqeNV1Zp0BNPcNaey/GXmTdvQ=="
      },
      "StackExchange.Redis": {
        "type": "Transitive",
        "resolved": "2.9.25",
        "contentHash": "4lcZbdV/S/hzcWeLzfU3Sam7JyNChsizjbJBuYjcwHbpG1T+CGafuOjxem93DnfYfbyn/QbXVjHsGRMoi2hsqQ==",
        "dependencies": {
          "Microsoft.Extensions.Logging.Abstractions": "8.0.0",
          "Pipelines.Sockets.Unofficial": "2.2.8"
        }
      },
      "System.Diagnostics.EventLog": {
        "type": "Transitive",
        "resolved": "10.0.2",
        "contentHash": "TJPpTLF5MFPobq09c9BQ5X8QuviQfsKvH0Jbm7MkGylGvfIdRqJQLZDPC5sMRFkk9aZhmgir1NJKekip2NxfaA=="
      },
      "orderflow.contracts": {
        "type": "Project"
      },
      "orderflow.infrastructure": {
        "type": "Project",
        "dependencies": {
          "Confluent.Kafka": "[2.15.1, )",
          "Microsoft.EntityFrameworkCore.Relational": "[10.0.4, )",
          "Microsoft.Extensions.Diagnostics.HealthChecks": "[10.0.2, )",
          "Microsoft.Extensions.Hosting.Abstractions": "[10.0.2, )",
          "Microsoft.Extensions.Http": "[10.0.2, )",
          "Microsoft.Extensions.Options.ConfigurationExtensions": "[10.0.2, )",
          "Npgsql.EntityFrameworkCore.PostgreSQL": "[10.0.3, )",
          "OpenTelemetry.Extensions.Hosting": "[1.18.0, )",
          "OrderFlow.Contracts": "[1.0.0, )",
          "StackExchange.Redis": "[2.9.25, )"
        }
      }
    }
  }
}